// !$*UTF8*$!
{
	archiveVersion = 1;
	classes = {
	};
	objectVersion = 56;
	objects = {

/* Begin PBXBuildFile section */
		C71AD44C2B9B756D00D8C36F /* AppDelegate.swift in Sources */ = {isa = PBXBuildFile; fileRef = C71AD44B2B9B756D00D8C36F /* AppDelegate.swift */; };
		C71AD44E2B9B756D00D8C36F /* SceneDelegate.swift in Sources */ = {isa = PBXBuildFile; fileRef = C71AD44D2B9B756D00D8C36F /* SceneDelegate.swift */; };
		C71AD4502B9B756D00D8C36F /* ViewController.swift in Sources */ = {isa = PBXBuildFile; fileRef = C71AD44F2B9B756D00D8C36F /* ViewController.swift */; };
		C71AD4532B9B756E00D8C36F /* Main.storyboard in Resources */ = {isa = PBXBuildFile; fileRef = C71AD4512B9B756D00D8C36F /* Main.storyboard */; };
		C71AD4552B9B757100D8C36F /* Assets.xcassets in Resources */ = {isa = PBXBuildFile; fileRef = C71AD4542B9B757100D8C36F /* Assets.xcassets */; };
		C71AD4582B9B757100D8C36F /* LaunchScreen.storyboard in Resources */ = {isa = PBXBuildFile; fileRef = C71AD4562B9B757100D8C36F /* LaunchScreen.storyboard */; };
		C71AD4602B9B801D00D8C36F /* Pin.swift in Sources */ = {isa = PBXBuildFile; fileRef = C71AD45F2B9B801D00D8C36F /* Pin.swift */; };
		C71F5C682BA3852B00155C99 /* DetalleController.swift in Sources */ = {isa = PBXBuildFile; fileRef = C71F5C672BA3852B00155C99 /* DetalleController.swift */; };
/* End PBXBuildFile section */

/* Begin PBXFileReference section */
		C71AD4482B9B756D00D8C36F /* P2_Maps_iOS.app */ = {isa = PBXFileReference; explicitFileType = wrapper.application; includeInIndex = 0; path = P2_Maps_iOS.app; sourceTree = BUILT_PRODUCTS_DIR; };
		C71AD44B2B9B756D00D8C36F /* AppDelegate.swift */ = {isa = PBXFileReference; lastKnownFileType = sourcecode.swift; path = AppDelegate.swift; sourceTree = "<group>"; };
		C71AD44D2B9B756D00D8C36F /* SceneDelegate.swift */ = {isa = PBXFileReference; lastKnownFileType = sourcecode.swift; path = SceneDelegate.swift; sourceTree = "<group>"; };
		C71AD44F2B9B756D00D8C36F /* ViewController.swift */ = {isa = PBXFileReference; lastKnownFileType = sourcecode.swift; path = ViewController.swift; sourceTree = "<group>"; };
		C71AD4522B9B756D00D8C36F /* Base */ = {isa = PBXFileReference; lastKnownFileType = file.storyboard; name = Base; path = Base.lproj/Main.storyboard; sourceTree = "<group>"; };
		C71AD4542B9B757100D8C36F /* Assets.xcassets */ = {isa = PBXFileReference; lastKnownFileType = folder.assetcatalog; path = Assets.xcassets; sourceTree = "<group>"; };
		C71AD4572B9B757100D8C36F /* Base */ = {isa = PBXFileReference; lastKnownFileType = file.storyboard; name = Base; path = Base.lproj/LaunchScreen.storyboard; sourceTree = "<group>"; };
		C71AD4592B9B757100D8C36F /* Info.plist */ = {isa = PBXFileReference; lastKnownFileType = text.plist.xml; path = Info.plist; sourceTree = "<group>"; };
		C71AD45F2B9B801D00D8C36F /* Pin.swift */ = {isa = PBXFileReference; lastKnownFileType = sourcecode.swift; path = Pin.swift; sourceTree = "<group>"; };
		C71F5C672BA3852B00155C99 /* DetalleController.swift */ = {isa = PBXFileReference; lastKnownFileType = sourcecode.swift; path = DetalleController.swift; sourceTree = "<group>"; };
/* End PBXFileReference section */

/* Begin PBXFrameworksBuildPhase section */
		C71AD4452B9B756D00D8C36F /* Frameworks */ = {
			isa = PBXFrameworksBuildPhase;
			buildActionMask = 2147483647;
			files = (
			);
			runOnlyForDeploymentPostprocessing = 0;
		};
/* End PBXFrameworksBuildPhase section */

/* Begin PBXGroup section */
		C71AD43F2B9B756D00D8C36F = {
			isa = PBXGroup;
			children = (
				C71AD44A2B9B756D00D8C36F /* P2_Maps_iOS */,
				C71AD4492B9B756D00D8C36F /* Products */,
			);
			sourceTree = "<group>";
		};
		C71AD4492B9B756D00D8C36F /* Products */ = {
			isa = PBXGroup;
			children = (
				C71AD4482B9B756D00D8C36F /* P2_Maps_iOS.app */,
			);
			name = Products;
			sourceTree = "<group>";
		};
		C71AD44A2B9B756D00D8C36F /* P2_Maps_iOS */ = {
			isa = PBXGroup;
			children = (
				C71AD44B2B9B756D00D8C36F /* AppDelegate.swift */,
				C71AD44D2B9B756D00D8C36F /* SceneDelegate.swift */,
				C71AD44F2B9B756D00D8C36F /* ViewController.swift */,
				C71AD4512B9B756D00D8C36F /* Main.storyboard */,
				C71F5C672BA3852B00155C99 /* DetalleController.swift */,
				C71AD4542B9B757100D8C36F /* Assets.xcassets */,
				C71AD4562B9B757100D8C36F /* LaunchScreen.storyboard */,
				C71AD4592B9B757100D8C36F /* Info.plist */,
				C71AD45F2B9B801D00D8C36F /* Pin.swift */,
			);
			path = P2_Maps_iOS;
			sourceTree = "<group>";
		};
/* End PBXGroup section */

/* Begin PBXNativeTarget section */
		C71AD4472B9B756D00D8C36F /* P2_Maps_iOS */ = {
			isa = PBXNativeTarget;
			buildConfigurationList = C71AD45C2B9B757100D8C36F /* Build configuration list for PBXNativeTarget "P2_Maps_iOS" */;
			buildPhases = (
				C71AD4442B9B756D00D8C36F /* Sources */,
				C71AD4452B9B756D00D8C36F /* Frameworks */,
				C71AD4462B9B756D00D8C36F /* Resources */,
			);
			buildRules = (
			);
			dependencies = (
			);
			name = P2_Maps_iOS;
			productName = P2_Maps_iOS;
			productReference = C71AD4482B9B756D00D8C36F /* P2_Maps_iOS.app */;
			productType = "com.apple.product-type.application";
		};
/* End PBXNativeTarget section */

/* Begin PBXProject section */
		C71AD4402B9B756D00D8C36F /* Project object */ = {
			isa = PBXProject;
			attributes = {
				BuildIndependentTargetsInParallel = 1;
				LastSwiftUpdateCheck = 1520;
				LastUpgradeCheck = 1520;
				TargetAttributes = {
					C71AD4472B9B756D00D8C36F = {
						CreatedOnToolsVersion = 15.2;
					};
				};
			};
			buildConfigurationList = C71AD4432B9B756D00D8C36F /* Build configuration list for PBXProject "P2_Maps_iOS" */;
			compatibilityVersion = "Xcode 14.0";
			developmentRegion = en;
			hasScannedForEncodings = 0;
			knownRegions = (
				en,
				Base,
			);
			mainGroup = C71AD43F2B9B756D00D8C36F;
			productRefGroup = C71AD4492B9B756D00D8C36F /* Products */;
			projectDirPath = "";
			projectRoot = "";
			targets = (
				C71AD4472B9B756D00D8C36F /* P2_Maps_iOS */,
			);
		};
/* End PBXProject section */

/* Begin PBXResourcesBuildPhase section */
		C71AD4462B9B756D00D8C36F /* Resources */ = {
			isa = PBXResourcesBuildPhase;
			buildActionMask = 2147483647;
			files = (
				C71AD4582B9B757100D8C36F /* LaunchScreen.storyboard in Resources */,
				C71AD4552B9B757100D8C36F /* Assets.xcassets in Resources */,
				C71AD4532B9B756E00D8C36F /* Main.storyboard in Resources */,
			);
			runOnlyForDeploymentPostprocessing = 0;
		};
/* End PBXResourcesBuildPhase section */

/* Begin PBXSourcesBuildPhase section */
		C71AD4442B9B756D00D8C36F /* Sources */ = {
			isa = PBXSourcesBuildPhase;
			buildActionMask = 2147483647;
			files = (
				C71AD4502B9B756D00D8C36F /* ViewController.swift in Sources */,
				C71AD44C2B9B756D00D8C36F /* AppDelegate.swift in Sources */,
				C71AD44E2B9B756D00D8C36F /* SceneDelegate.swift in Sources */,
				C71AD4602B9B801D00D8C36F /* Pin.swift in Sources */,
				C71F5C682BA3852B00155C99 /* DetalleController.swift in Sources */,
			);
			runOnlyForDeploymentPostprocessing = 0;
		};
/* End PBXSourcesBuildPhase section */

/* Begin PBXVariantGroup section */
		C71AD4512B9B756D00D8C36F /* Main.storyboard */ = {
			isa = PBXVariantGroup;
			children = (
				C71AD4522B9B756D00D8C36F /* Base */,
			);
			name = Main.storyboard;
			sourceTree = "<group>";
		};
		C71AD4562B9B757100D8C36F /* LaunchScreen.storyboard */ = {
			isa = PBXVariantGroup;
			children = (
				C71AD4572B9B757100D8C36F /* Base */,
			);
			name = LaunchScreen.storyboard;
			sourceTree = "<group>";
		};
/* End PBXVariantGroup section */

/* Begin XCBuildConfiguration section */
		C71AD45A2B9B757100D8C36F /* Debug */ = {
			isa = XCBuildConfiguration;
			buildSettings = {
				ALWAYS_SEARCH_USER_PATHS = NO;
				ASSETCATALOG_COMPILER_GENERATE_SWIFT_ASSET_SYMBOL_EXTENSIONS = YES;
				CLANG_ANALYZER_NONNULL = YES;
				CLANG_ANALYZER_NUMBER_OBJECT_CONVERSION = YES_AGGRESSIVE;
				CLANG_CXX_LANGUAGE_STANDARD = "gnu++20";
				CLANG_ENABLE_MODULES = YES;
				CLANG_ENABLE_OBJC_ARC = YES;
				CLANG_ENABLE_OBJC_WEAK = YES;
				CLANG_WARN_BLOCK_CAPTURE_AUTORELEASING = YES;
				CLANG_WARN_BOOL_CONVERSION = YES;
				CLANG_WARN_COMMA = YES;
				CLANG_WARN_CONSTANT_CONVERSION = YES;
				CLANG_WARN_DEPRECATED_OBJC_IMPLEMENTATIONS = YES;
				CLANG_WARN_DIRECT_OBJC_ISA_USAGE = YES_ERROR;
				CLANG_WARN_DOCUMENTATION_COMMENTS = YES;
				CLANG_WARN_EMPTY_BODY = YES;
				CLANG_WARN_ENUM_CONVERSION = YES;
				CLANG_WARN_INFINITE_RECURSION = YES;
				CLANG_WARN_INT_CONVERSION = YES;
				CLANG_WARN_NON_LITERAL_NULL_CONVERSION = YES;
				CLANG_WARN_OBJC_IMPLICIT_RETAIN_SELF = YES;
				CLANG_WARN_OBJC_LITERAL_CONVERSION = YES;
				CLANG_WARN_OBJC_ROOT_CLASS = YES_ERROR;
				CLANG_WARN_QUOTED_INCLUDE_IN_FRAMEWORK_HEADER = YES;
				CLANG_WARN_RANGE_LOOP_ANALYSIS = YES;
				CLANG_WARN_STRICT_PROTOTYPES = YES;
				CLANG_WARN_SUSPICIOUS_MOVE = YES;
				CLANG_WARN_UNGUARDED_AVAILABILITY = YES_AGGRESSIVE;
				CLANG_WARN_UNREACHABLE_CODE = YES;
				CLANG_WARN__DUPLICATE_METHOD_MATCH = YES;
				COPY_PHASE_STRIP = NO;
				DEBUG_INFORMATION_FORMAT = dwarf;
				ENABLE_STRICT_OBJC_MSGSEND = YES;
				ENABLE_TESTABILITY = YES;
				ENABLE_USER_SCRIPT_SANDBOXING = YES;
				GCC_C_LANGUAGE_STANDARD = gnu17;
				GCC_DYNAMIC_NO_PIC = NO;
				GCC_NO_COMMON_BLOCKS = YES;
				GCC_OPTIMIZATION_LEVEL = 0;
				GCC_PREPROCESSOR_DEFINITIONS = (
					"DEBUG=1",
					"$(inherited)",
				);
				GCC_WARN_64_TO_32_BIT_CONVERSION = YES;
				GCC_WARN_ABOUT_RETURN_TYPE = YES_ERROR;
				GCC_WARN_UNDECLARED_SELECTOR = YES;
				GCC_WARN_UNINITIALIZED_AUTOS = YES_AGGRESSIVE;
				GCC_WARN_UNUSED_FUNCTION = YES;
				GCC_WARN_UNUSED_VARIABLE = YES;
				IPHONEOS_DEPLOYMENT_TARGET = 17.2;
				LOCALIZATION_PREFERS_STRING_CATALOGS = YES;
				MTL_ENABLE_DEBUG_INFO = INCLUDE_SOURCE;
				MTL_FAST_MATH = YES;
				ONLY_ACTIVE_ARCH = YES;
				SDKROOT = iphoneos;
				SWIFT_ACTIVE_COMPILATION_CONDITIONS = "DEBUG $(inherited)";
				SWIFT_OPTIMIZATION_LEVEL = "-Onone";
			};
			name = Debug;
		};
		C71AD45B2B9B757100D8C36F /* Release */ = {
			isa = XCBuildConfiguration;
			buildSettings = {
				ALWAYS_SEARCH_USER_PATHS = NO;
				ASSETCATALOG_COMPILER_GENERATE_SWIFT_ASSET_SYMBOL_EXTENSIONS = YES;
				CLANG_ANALYZER_NONNULL = YES;
				CLANG_ANALYZER_NUMBER_OBJECT_CONVERSION = YES_AGGRESSIVE;
				CLANG_CXX_LANGUAGE_STANDARD = "gnu++20";
				CLANG_ENABLE_MODULES = YES;
				CLANG_ENABLE_OBJC_ARC = YES;
				CLANG_ENABLE_OBJC_WEAK = YES;
				CLANG_WARN_BLOCK_CAPTURE_AUTORELEASING = YES;
				CLANG_WARN_BOOL_CONVERSION = YES;
				CLANG_WARN_COMMA = YES;
				CLANG_WARN_CONSTANT_CONVERSION = YES;
				CLANG_WARN_DEPRECATED_OBJC_IMPLEMENTATIONS = YES;
				CLANG_WARN_DIRECT_OBJC_ISA_USAGE = YES_ERROR;
				CLANG_WARN_DOCUMENTATION_COMMENTS = YES;
				CLANG_WARN_EMPTY_BODY = YES;
				CLANG_WARN_ENUM_CONVERSION = YES;
				CLANG_WARN_INFINITE_RECURSION = YES;
				CLANG_WARN_INT_CONVERSION = YES;
				CLANG_WARN_NON_LITERAL_NULL_CONVERSION = YES;
				CLANG_WARN_OBJC_IMPLICIT_RETAIN_SELF = YES;
				CLANG_WARN_OBJC_LITERAL_CONVERSION = YES;
				CLANG_WARN_OBJC_ROOT_CLASS = YES_ERROR;
				CLANG_WARN_QUOTED_INCLUDE_IN_FRAMEWORK_HEADER = YES;
				CLANG_WARN_RANGE_LOOP_ANALYSIS = YES;
				CLANG_WARN_STRICT_PROTOTYPES = YES;
				CLANG_WARN_SUSPICIOUS_MOVE = YES;
				CLANG_WARN_UNGUARDED_AVAILABILITY = YES_AGGRESSIVE;
				CLANG_WARN_UNREACHABLE_CODE = YES;
				CLANG_WARN__DUPLICATE_METHOD_MATCH = YES;
				COPY_PHASE_STRIP = NO;
				DEBUG_INFORMATION_FORMAT = "dwarf-with-dsym";
				ENABLE_NS_ASSERTIONS = NO;
				ENABLE_STRICT_OBJC_MSGSEND = YES;
				ENABLE_USER_SCRIPT_SANDBOXING = YES;
				GCC_C_LANGUAGE_STANDARD = gnu17;
				GCC_NO_COMMON_BLOCKS = YES;
				GCC_WARN_64_TO_32_BIT_CONVERSION = YES;
				GCC_WARN_ABOUT_RETURN_TYPE = YES_ERROR;
				GCC_WARN_UNDECLARED_SELECTOR = YES;
				GCC_WARN_UNINITIALIZED_AUTOS = YES_AGGRESSIVE;
				GCC_WARN_UNUSED_FUNCTION = YES;
				GCC_WARN_UNUSED_VARIABLE = YES;
				IPHONEOS_DEPLOYMENT_TARGET = 17.2;
				LOCALIZATION_PREFERS_STRING_CATALOGS = YES;
				MTL_ENABLE_DEBUG_INFO = NO;
				MTL_FAST_MATH = YES;
				SDKROOT = iphoneos;
				SWIFT_COMPILATION_MODE = wholemodule;
				VALIDATE_PRODUCT = YES;
			};
			name = Release;
		};
		C71AD45D2B9B757100D8C36F /* Debug */ = {
			isa = XCBuildConfiguration;
			buildSettings = {
				ASSETCATALOG_COMPILER_APPICON_NAME = AppIcon;
				ASSETCATALOG_COMPILER_GLOBAL_ACCENT_COLOR_NAME = AccentColor;
				"CODE_SIGN_IDENTITY[sdk=iphoneos*]" = "iPhone Developer";
				CODE_SIGN_STYLE = Manual;
				CURRENT_PROJECT_VERSION = 1;
				DEVELOPMENT_TEAM = "";
				"DEVELOPMENT_TEAM[sdk=iphoneos*]" = 3S952AGH46;
				GENERATE_INFOPLIST_FILE = YES;
				INFOPLIST_FILE = P2_Maps_iOS/Info.plist;
				INFOPLIST_KEY_UIApplicationSupportsIndirectInputEvents = YES;
				INFOPLIST_KEY_UILaunchStoryboardName = LaunchScreen;
				INFOPLIST_KEY_UIMainStoryboardFile = Main;
				INFOPLIST_KEY_UISupportedInterfaceOrientations_iPad = "UIInterfaceOrientationPortrait UIInterfaceOrientationPortraitUpsideDown UIInterfaceOrientationLandscapeLeft UIInterfaceOrientationLandscapeRight";
				INFOPLIST_KEY_UISupportedInterfaceOrientations_iPhone = "UIInterfaceOrientationPortrait UIInterfaceOrientationLandscapeLeft UIInterfaceOrientationLandscapeRight";
				LD_RUNPATH_SEARCH_PATHS = (
					"$(inherited)",
					"@executable_path/Frameworks",
				);
				MARKETING_VERSION = 1.0;
				PRODUCT_BUNDLE_IDENTIFIER = "es.ua.eps.P2-Maps-iOS";
				PRODUCT_NAME = "$(TARGET_NAME)";
				PROVISIONING_PROFILE_SPECIFIER = "";
				"PROVISIONING_PROFILE_SPECIFIER[sdk=iphoneos*]" = "Genérico";
				SWIFT_EMIT_LOC_STRINGS = YES;
				SWIFT_VERSION = 5.0;
				TARGETED_DEVICE_FAMILY = "1,2";
			};
			name = Debug;
		};
		C71AD45E2B9B757100D8C36F /* Release */ = {
			isa = XCBuildConfiguration;
			buildSettings = {
				ASSETCATALOG_COMPILER_APPICON_NAME = AppIcon;
				ASSETCATALOG_COMPILER_GLOBAL_ACCENT_COLOR_NAME = AccentColor;
				"CODE_SIGN_IDENTITY[sdk=iphoneos*]" = "iPhone Developer";
				CODE_SIGN_STYLE = Manual;
				CURRENT_PROJECT_VERSION = 1;
				DEVELOPMENT_TEAM = "";
				"DEVELOPMENT_TEAM[sdk=iphoneos*]" = 3S952AGH46;
				GENERATE_INFOPLIST_FILE = YES;
				INFOPLIST_FILE = P2_Maps_iOS/Info.plist;
				INFOPLIST_KEY_UIApplicationSupportsIndirectInputEvents = YES;
				INFOPLIST_KEY_UILaunchStoryboardName = LaunchScreen;
				INFOPLIST_KEY_UIMainStoryboardFile = Main;
				INFOPLIST_KEY_UISupportedInterfaceOrientations_iPad = "UIInterfaceOrientationPortrait UIInterfaceOrientationPortraitUpsideDown UIInterfaceOrientationLandscapeLeft UIInterfaceOrientationLandscapeRight";
				INFOPLIST_KEY_UISupportedInterfaceOrientations_iPhone = "UIInterfaceOrientationPortrait UIInterfaceOrientationLandscapeLeft UIInterfaceOrientationLandscapeRight";
				LD_RUNPATH_SEARCH_PATHS = (
					"$(inherited)",
					"@executable_path/Frameworks",
				);
				MARKETING_VERSION = 1.0;
				PRODUCT_BUNDLE_IDENTIFIER = "es.ua.eps.P2-Maps-iOS";
				PRODUCT_NAME = "$(TARGET_NAME)";
				PROVISIONING_PROFILE_SPECIFIER = "";
				"PROVISIONING_PROFILE_SPECIFIER[sdk=iphoneos*]" = "Genérico";
				SWIFT_EMIT_LOC_STRINGS = YES;
				SWIFT_VERSION = 5.0;
				TARGETED_DEVICE_FAMILY = "1,2";
			};
			name = Release;
		};
/* End XCBuildConfiguration section */

/* Begin XCConfigurationList section */
		C71AD4432B9B756D00D8C36F /* Build configuration list for PBXProject "P2_Maps_iOS" */ = {
			isa = XCConfigurationList;
			buildConfigurations = (
				C71AD45A2B9B757100D8C36F /* Debug */,
				C71AD45B2B9B757100D8C36F /* Release */,
			);
			defaultConfigurationIsVisible = 0;
			defaultConfigurationName = Release;
		};
		C71AD45C2B9B757100D8C36F /* Build configuration list for PBXNativeTarget "P2_Maps_iOS" */ = {
			isa = XCConfigurationList;
			buildConfigurations = (
				C71AD45D2B9B757100D8C36F /* Debug */,
				C71AD45E2B9B757100D8C36F /* Release */,
			);
			defaultConfigurationIsVisible = 0;
			defaultConfigurationName = Release;
		};
/* End XCConfigurationList section */
	};
	rootObject = C71AD4402B9B756D00D8C36F /* Project object */;
}
